hash: b8e4e45cf5ee6b238e22fb3e9d574bac5ef8bcddba76d50cf489dbf8b5f10594
updated: 2017-07-20T20:38:15.102927596-04:00
imports:
- name: astuart.co/goq
  version: 0a7802fa59a73faa6613d9380b8aa505c27022d8
- name: github.com/andybalholm/cascadia
  version: 349dd0209470eabd9514242c688c403c0926d266
- name: github.com/cenkalti/backoff
  version: 5d150e7eec023ce7a124856b37c68e54b4050ac7
- name: github.com/dghubble/go-twitter
  version: d7141a7cba567120d53d0a136fce068864b43f8c
  subpackages:
  - twitter
- name: github.com/dghubble/oauth1
  version: 70562a5920ad9b6ff03ef697c0f90ae569abbd2b
- name: github.com/dghubble/sling
  version: 80ec33c6152a53edb5545864ca37567b506c4ca5
- name: github.com/google/go-querystring
  version: 53e6ce116135b80d037921a7fdd5138cf32d7a8a
  subpackages:
  - query
- name: github.com/gorilla/context
  version: 08b5f424b9271eedf6f9f0ce86cb9396ed337a42
- name: github.com/gorilla/mux
  version: bcd8bc72b08df0f70df986b97f95590779502d31
- name: github.com/lib/pq
  version: 8837942c3e09574accbc5f150e2c5e057189cace
  subpackages:
  - oid
- name: github.com/mattn/go-colorable
  version: 5411d3eea5978e6cdc258b30de592b60df6aba96
  repo: https://github.com/mattn/go-colorable
- name: github.com/mattn/go-isatty
  version: 57fdcb988a5c543893cc61bce354a6e24ab70022
  repo: https://github.com/mattn/go-isatty
- name: github.com/NYTimes/gziphandler
  version: 56545f4a5d46df9a6648819d1664c3a03a13ffdb
- name: github.com/pquerna/cachecontrol
  version: 9299cc36e57c32f83e47ffb3c25d8a3dec10ea0b
  subpackages:
  - cacheobject
- name: github.com/pressly/goose
  version: 056a4d47dcc4d67fa3947a4f13945a5c690e568b
- name: github.com/PuerkitoBio/goquery
  version: e1271ee34c6a305e38566ecd27ae374944907ee9
- name: github.com/urfave/cli
  version: 0bdeddeeb0f650497d603c4ad7b20cfe685682f6
- name: golang.org/x/net
  version: 570fa1c91359c1869590e9cedf3b53162a51a167
  subpackages:
  - context
  - html
  - html/atom
- name: golang.org/x/oauth2
  version: cce311a261e6fcf29de72ca96827bdb0b7d9c9e6
- name: golang.org/x/sys
  version: e24f485414aeafb646f6fca458b0bf869c0880a1
  repo: https://go.googlesource.com/sys
  subpackages:
  - unix
- name: gopkg.in/cheggaaa/pb.v1
  version: 4a1bf7a97d1348c5b50aabf6e1eb0496ca0a3d33
- name: gopkg.in/cheggaaa/pb.v2
  version: 4a1bf7a97d1348c5b50aabf6e1eb0496ca0a3d33
  subpackages:
  - termutil
- name: gopkg.in/fatih/color.v1
  version: 570b54cabe6b8eb0bc2dfce68d964677d63b5260
- name: gopkg.in/mattn/go-colorable.v0
  version: 941b50ebc6efddf4c41c8e4537a5f68a4e686b24
- name: gopkg.in/mattn/go-isatty.v0
  version: fc9e8d8ef48496124e79ae0df75490096eccf6fe
- name: gopkg.in/mattn/go-runewidth.v0
  version: 9e777a8366cce605130a531d2cd6363d07ad7317
- name: gopkg.in/VividCortex/ewma.v1
  version: c595cd886c223c6c28fc9ae2727a61b5e4693d85
testImports: []
